{
  "originHash" : "a88409e752bfc8e4f58f6b17acbb93903acbc782b76e137c1f9533acb7309f8e",
  "pins" : [
    {
      "identity" : "ui-workouts",
      "kind" : "remoteSourceControl",
      "location" : "https://github.com/PadillaTomas/UI-Workouts.git",
      "state" : {
        "revision" : "9f8b25140a5cbfc9fd178e3d42b3f467ea9270f1",
        "version" : "0.5.0"
      }
    }
  ],
  "version" : 3
}
